// !$*UTF8*$!
{
	archiveVersion = 1;
	classes = {
	};
	objectVersion = 50;
	objects = {

/* Begin PBXBuildFile section */
		C6D086E5221CABE5005EEE45 /* main.cpp in Sources */ = {isa = PBXBuildFile; fileRef = C6D086E4221CABE5005EEE45 /* main.cpp */; };
		C6D086F2221CAC12005EEE45 /* main.cpp in Sources */ = {isa = PBXBuildFile; fileRef = C6D086F1221CAC12005EEE45 /* main.cpp */; };
		C6D086FD221CACC7005EEE45 /* main.cpp in Sources */ = {isa = PBXBuildFile; fileRef = C6D086FC221CACC7005EEE45 /* main.cpp */; };
		C6D08709221CBD18005EEE45 /* main.cpp in Sources */ = {isa = PBXBuildFile; fileRef = C6D08708221CBD18005EEE45 /* main.cpp */; };
		C6D08714221CC0B8005EEE45 /* main.cpp in Sources */ = {isa = PBXBuildFile; fileRef = C6D08713221CC0B8005EEE45 /* main.cpp */; };
		C6D0871F221CE167005EEE45 /* main.cpp in Sources */ = {isa = PBXBuildFile; fileRef = C6D0871E221CE167005EEE45 /* main.cpp */; };
		C6D0872A221CE81C005EEE45 /* main.cpp in Sources */ = {isa = PBXBuildFile; fileRef = C6D08729221CE81C005EEE45 /* main.cpp */; };
		C6D08735221CEB86005EEE45 /* main.cpp in Sources */ = {isa = PBXBuildFile; fileRef = C6D08734221CEB86005EEE45 /* main.cpp */; };
		C6D08740221CF831005EEE45 /* main.cpp in Sources */ = {isa = PBXBuildFile; fileRef = C6D0873F221CF831005EEE45 /* main.cpp */; };
		C6D0874B221CFAF1005EEE45 /* main.cpp in Sources */ = {isa = PBXBuildFile; fileRef = C6D0874A221CFAF1005EEE45 /* main.cpp */; };
		C6D08756221D6CBF005EEE45 /* main.cpp in Sources */ = {isa = PBXBuildFile; fileRef = C6D08755221D6CBF005EEE45 /* main.cpp */; };
		C6D08761221D6D09005EEE45 /* main.cpp in Sources */ = {isa = PBXBuildFile; fileRef = C6D08760221D6D09005EEE45 /* main.cpp */; };
/* End PBXBuildFile section */

/* Begin PBXCopyFilesBuildPhase section */
		C6D086DF221CABE5005EEE45 /* CopyFiles */ = {
			isa = PBXCopyFilesBuildPhase;
			buildActionMask = 2147483647;
			dstPath = /usr/share/man/man1/;
			dstSubfolderSpec = 0;
			files = (
			);
			runOnlyForDeploymentPostprocessing = 1;
		};
		C6D086ED221CAC12005EEE45 /* CopyFiles */ = {
			isa = PBXCopyFilesBuildPhase;
			buildActionMask = 2147483647;
			dstPath = /usr/share/man/man1/;
			dstSubfolderSpec = 0;
			files = (
			);
			runOnlyForDeploymentPostprocessing = 1;
		};
		C6D086F8221CACC7005EEE45 /* CopyFiles */ = {
			isa = PBXCopyFilesBuildPhase;
			buildActionMask = 2147483647;
			dstPath = /usr/share/man/man1/;
			dstSubfolderSpec = 0;
			files = (
			);
			runOnlyForDeploymentPostprocessing = 1;
		};
		C6D08704221CBD18005EEE45 /* CopyFiles */ = {
			isa = PBXCopyFilesBuildPhase;
			buildActionMask = 2147483647;
			dstPath = /usr/share/man/man1/;
			dstSubfolderSpec = 0;
			files = (
			);
			runOnlyForDeploymentPostprocessing = 1;
		};
		C6D0870F221CC0B8005EEE45 /* CopyFiles */ = {
			isa = PBXCopyFilesBuildPhase;
			buildActionMask = 2147483647;
			dstPath = /usr/share/man/man1/;
			dstSubfolderSpec = 0;
			files = (
			);
			runOnlyForDeploymentPostprocessing = 1;
		};
		C6D0871A221CE166005EEE45 /* CopyFiles */ = {
			isa = PBXCopyFilesBuildPhase;
			buildActionMask = 2147483647;
			dstPath = /usr/share/man/man1/;
			dstSubfolderSpec = 0;
			files = (
			);
			runOnlyForDeploymentPostprocessing = 1;
		};
		C6D08725221CE81C005EEE45 /* CopyFiles */ = {
			isa = PBXCopyFilesBuildPhase;
			buildActionMask = 2147483647;
			dstPath = /usr/share/man/man1/;
			dstSubfolderSpec = 0;
			files = (
			);
			runOnlyForDeploymentPostprocessing = 1;
		};
		C6D08730221CEB86005EEE45 /* CopyFiles */ = {
			isa = PBXCopyFilesBuildPhase;
			buildActionMask = 2147483647;
			dstPath = /usr/share/man/man1/;
			dstSubfolderSpec = 0;
			files = (
			);
			runOnlyForDeploymentPostprocessing = 1;
		};
		C6D0873B221CF831005EEE45 /* CopyFiles */ = {
			isa = PBXCopyFilesBuildPhase;
			buildActionMask = 2147483647;
			dstPath = /usr/share/man/man1/;
			dstSubfolderSpec = 0;
			files = (
			);
			runOnlyForDeploymentPostprocessing = 1;
		};
		C6D08746221CFAF1005EEE45 /* CopyFiles */ = {
			isa = PBXCopyFilesBuildPhase;
			buildActionMask = 2147483647;
			dstPath = /usr/share/man/man1/;
			dstSubfolderSpec = 0;
			files = (
			);
			runOnlyForDeploymentPostprocessing = 1;
		};
		C6D08751221D6CBF005EEE45 /* CopyFiles */ = {
			isa = PBXCopyFilesBuildPhase;
			buildActionMask = 2147483647;
			dstPath = /usr/share/man/man1/;
			dstSubfolderSpec = 0;
			files = (
			);
			runOnlyForDeploymentPostprocessing = 1;
		};
		C6D0875C221D6D09005EEE45 /* CopyFiles */ = {
			isa = PBXCopyFilesBuildPhase;
			buildActionMask = 2147483647;
			dstPath = /usr/share/man/man1/;
			dstSubfolderSpec = 0;
			files = (
			);
			runOnlyForDeploymentPostprocessing = 1;
		};
/* End PBXCopyFilesBuildPhase section */

/* Begin PBXFileReference section */
		C6D086E1221CABE5005EEE45 /* amazonOA */ = {isa = PBXFileReference; explicitFileType = "compiled.mach-o.executable"; includeInIndex = 0; path = amazonOA; sourceTree = BUILT_PRODUCTS_DIR; };
		C6D086E4221CABE5005EEE45 /* main.cpp */ = {isa = PBXFileReference; lastKnownFileType = sourcecode.cpp.cpp; path = main.cpp; sourceTree = "<group>"; };
		C6D086EF221CAC12005EEE45 /* 01_palindromic */ = {isa = PBXFileReference; explicitFileType = "compiled.mach-o.executable"; includeInIndex = 0; path = 01_palindromic; sourceTree = BUILT_PRODUCTS_DIR; };
		C6D086F1221CAC12005EEE45 /* main.cpp */ = {isa = PBXFileReference; lastKnownFileType = sourcecode.cpp.cpp; path = main.cpp; sourceTree = "<group>"; };
		C6D086FA221CACC7005EEE45 /* 02_MostFrequentUsedWords */ = {isa = PBXFileReference; explicitFileType = "compiled.mach-o.executable"; includeInIndex = 0; path = 02_MostFrequentUsedWords; sourceTree = BUILT_PRODUCTS_DIR; };
		C6D086FC221CACC7005EEE45 /* main.cpp */ = {isa = PBXFileReference; lastKnownFileType = sourcecode.cpp.cpp; path = main.cpp; sourceTree = "<group>"; };
		C6D08701221CBAC8005EEE45 /* Header.h */ = {isa = PBXFileReference; lastKnownFileType = sourcecode.c.h; path = Header.h; sourceTree = "<group>"; };
		C6D08706221CBD18005EEE45 /* 03_CountMumberOfSubstringsWithExactlyKDistinctCharacters */ = {isa = PBXFileReference; explicitFileType = "compiled.mach-o.executable"; includeInIndex = 0; path = 03_CountMumberOfSubstringsWithExactlyKDistinctCharacters; sourceTree = BUILT_PRODUCTS_DIR; };
		C6D08708221CBD18005EEE45 /* main.cpp */ = {isa = PBXFileReference; lastKnownFileType = sourcecode.cpp.cpp; path = main.cpp; sourceTree = "<group>"; };
		C6D08711221CC0B8005EEE45 /* 04_MaximumMinimumPath */ = {isa = PBXFileReference; explicitFileType = "compiled.mach-o.executable"; includeInIndex = 0; path = 04_MaximumMinimumPath; sourceTree = BUILT_PRODUCTS_DIR; };
		C6D08713221CC0B8005EEE45 /* main.cpp */ = {isa = PBXFileReference; lastKnownFileType = sourcecode.cpp.cpp; path = main.cpp; sourceTree = "<group>"; };
		C6D0871C221CE166005EEE45 /* 05_SubtreeMaximumAverageNode */ = {isa = PBXFileReference; explicitFileType = "compiled.mach-o.executable"; includeInIndex = 0; path = 05_SubtreeMaximumAverageNode; sourceTree = BUILT_PRODUCTS_DIR; };
		C6D0871E221CE167005EEE45 /* main.cpp */ = {isa = PBXFileReference; lastKnownFileType = sourcecode.cpp.cpp; path = main.cpp; sourceTree = "<group>"; };
		C6D08727221CE81C005EEE45 /* 06_KMinimumDistances */ = {isa = PBXFileReference; explicitFileType = "compiled.mach-o.executable"; includeInIndex = 0; path = 06_KMinimumDistances; sourceTree = BUILT_PRODUCTS_DIR; };
		C6D08729221CE81C005EEE45 /* main.cpp */ = {isa = PBXFileReference; lastKnownFileType = sourcecode.cpp.cpp; path = main.cpp; sourceTree = "<group>"; };
		C6D08732221CEB86005EEE45 /* 07_KNearestPoints */ = {isa = PBXFileReference; explicitFileType = "compiled.mach-o.executable"; includeInIndex = 0; path = 07_KNearestPoints; sourceTree = BUILT_PRODUCTS_DIR; };
		C6D08734221CEB86005EEE45 /* main.cpp */ = {isa = PBXFileReference; lastKnownFileType = sourcecode.cpp.cpp; path = main.cpp; sourceTree = "<group>"; };
		C6D0873D221CF831005EEE45 /* 08_Flight */ = {isa = PBXFileReference; explicitFileType = "compiled.mach-o.executable"; includeInIndex = 0; path = 08_Flight; sourceTree = BUILT_PRODUCTS_DIR; };
		C6D0873F221CF831005EEE45 /* main.cpp */ = {isa = PBXFileReference; lastKnownFileType = sourcecode.cpp.cpp; path = main.cpp; sourceTree = "<group>"; };
		C6D08748221CFAF1005EEE45 /* 09_robot */ = {isa = PBXFileReference; explicitFileType = "compiled.mach-o.executable"; includeInIndex = 0; path = 09_robot; sourceTree = BUILT_PRODUCTS_DIR; };
		C6D0874A221CFAF1005EEE45 /* main.cpp */ = {isa = PBXFileReference; lastKnownFileType = sourcecode.cpp.cpp; path = main.cpp; sourceTree = "<group>"; };
		C6D08753221D6CBF005EEE45 /* 11_ReorderLogFiles */ = {isa = PBXFileReference; explicitFileType = "compiled.mach-o.executable"; includeInIndex = 0; path = 11_ReorderLogFiles; sourceTree = BUILT_PRODUCTS_DIR; };
		C6D08755221D6CBF005EEE45 /* main.cpp */ = {isa = PBXFileReference; lastKnownFileType = sourcecode.cpp.cpp; path = main.cpp; sourceTree = "<group>"; };
		C6D0875E221D6D09005EEE45 /* 14_MST */ = {isa = PBXFileReference; explicitFileType = "compiled.mach-o.executable"; includeInIndex = 0; path = 14_MST; sourceTree = BUILT_PRODUCTS_DIR; };
		C6D08760221D6D09005EEE45 /* main.cpp */ = {isa = PBXFileReference; lastKnownFileType = sourcecode.cpp.cpp; path = main.cpp; sourceTree = "<group>"; };
/* End PBXFileReference section */

/* Begin PBXFrameworksBuildPhase section */
		C6D086DE221CABE5005EEE45 /* Frameworks */ = {
			isa = PBXFrameworksBuildPhase;
			buildActionMask = 2147483647;
			files = (
			);
			runOnlyForDeploymentPostprocessing = 0;
		};
		C6D086EC221CAC12005EEE45 /* Frameworks */ = {
			isa = PBXFrameworksBuildPhase;
			buildActionMask = 2147483647;
			files = (
			);
			runOnlyForDeploymentPostprocessing = 0;
		};
		C6D086F7221CACC7005EEE45 /* Frameworks */ = {
			isa = PBXFrameworksBuildPhase;
			buildActionMask = 2147483647;
			files = (
			);
			runOnlyForDeploymentPostprocessing = 0;
		};
		C6D08703221CBD18005EEE45 /* Frameworks */ = {
			isa = PBXFrameworksBuildPhase;
			buildActionMask = 2147483647;
			files = (
			);
			runOnlyForDeploymentPostprocessing = 0;
		};
		C6D0870E221CC0B8005EEE45 /* Frameworks */ = {
			isa = PBXFrameworksBuildPhase;
			buildActionMask = 2147483647;
			files = (
			);
			runOnlyForDeploymentPostprocessing = 0;
		};
		C6D08719221CE166005EEE45 /* Frameworks */ = {
			isa = PBXFrameworksBuildPhase;
			buildActionMask = 2147483647;
			files = (
			);
			runOnlyForDeploymentPostprocessing = 0;
		};
		C6D08724221CE81C005EEE45 /* Frameworks */ = {
			isa = PBXFrameworksBuildPhase;
			buildActionMask = 2147483647;
			files = (
			);
			runOnlyForDeploymentPostprocessing = 0;
		};
		C6D0872F221CEB86005EEE45 /* Frameworks */ = {
			isa = PBXFrameworksBuildPhase;
			buildActionMask = 2147483647;
			files = (
			);
			runOnlyForDeploymentPostprocessing = 0;
		};
		C6D0873A221CF831005EEE45 /* Frameworks */ = {
			isa = PBXFrameworksBuildPhase;
			buildActionMask = 2147483647;
			files = (
			);
			runOnlyForDeploymentPostprocessing = 0;
		};
		C6D08745221CFAF1005EEE45 /* Frameworks */ = {
			isa = PBXFrameworksBuildPhase;
			buildActionMask = 2147483647;
			files = (
			);
			runOnlyForDeploymentPostprocessing = 0;
		};
		C6D08750221D6CBF005EEE45 /* Frameworks */ = {
			isa = PBXFrameworksBuildPhase;
			buildActionMask = 2147483647;
			files = (
			);
			runOnlyForDeploymentPostprocessing = 0;
		};
		C6D0875B221D6D09005EEE45 /* Frameworks */ = {
			isa = PBXFrameworksBuildPhase;
			buildActionMask = 2147483647;
			files = (
			);
			runOnlyForDeploymentPostprocessing = 0;
		};
/* End PBXFrameworksBuildPhase section */

/* Begin PBXGroup section */
		C6D086D8221CABE5005EEE45 = {
			isa = PBXGroup;
			children = (
				C6D086E3221CABE5005EEE45 /* amazonOA */,
				C6D086F0221CAC12005EEE45 /* 01_palindromic */,
				C6D086FB221CACC7005EEE45 /* 02_MostFrequentUsedWords */,
				C6D08707221CBD18005EEE45 /* 03_CountMumberOfSubstringsWithExactlyKDistinctCharacters */,
				C6D08712221CC0B8005EEE45 /* 04_MaximumMinimumPath */,
				C6D0871D221CE167005EEE45 /* 05_SubtreeMaximumAverageNode */,
				C6D08728221CE81C005EEE45 /* 06_KMinimumDistances */,
				C6D08733221CEB86005EEE45 /* 07_KNearestPoints */,
				C6D0873E221CF831005EEE45 /* 08_Flight */,
				C6D08749221CFAF1005EEE45 /* 09_robot */,
				C6D08754221D6CBF005EEE45 /* 11_ReorderLogFiles */,
				C6D0875F221D6D09005EEE45 /* 14_MST */,
				C6D086E2221CABE5005EEE45 /* Products */,
			);
			sourceTree = "<group>";
		};
		C6D086E2221CABE5005EEE45 /* Products */ = {
			isa = PBXGroup;
			children = (
				C6D086E1221CABE5005EEE45 /* amazonOA */,
				C6D086EF221CAC12005EEE45 /* 01_palindromic */,
				C6D086FA221CACC7005EEE45 /* 02_MostFrequentUsedWords */,
				C6D08706221CBD18005EEE45 /* 03_CountMumberOfSubstringsWithExactlyKDistinctCharacters */,
				C6D08711221CC0B8005EEE45 /* 04_MaximumMinimumPath */,
				C6D0871C221CE166005EEE45 /* 05_SubtreeMaximumAverageNode */,
				C6D08727221CE81C005EEE45 /* 06_KMinimumDistances */,
				C6D08732221CEB86005EEE45 /* 07_KNearestPoints */,
				C6D0873D221CF831005EEE45 /* 08_Flight */,
				C6D08748221CFAF1005EEE45 /* 09_robot */,
				C6D08753221D6CBF005EEE45 /* 11_ReorderLogFiles */,
				C6D0875E221D6D09005EEE45 /* 14_MST */,
			);
			name = Products;
			sourceTree = "<group>";
		};
		C6D086E3221CABE5005EEE45 /* amazonOA */ = {
			isa = PBXGroup;
			children = (
				C6D086E4221CABE5005EEE45 /* main.cpp */,
				C6D08701221CBAC8005EEE45 /* Header.h */,
			);
			path = amazonOA;
			sourceTree = "<group>";
		};
		C6D086F0221CAC12005EEE45 /* 01_palindromic */ = {
			isa = PBXGroup;
			children = (
				C6D086F1221CAC12005EEE45 /* main.cpp */,
			);
			path = 01_palindromic;
			sourceTree = "<group>";
		};
		C6D086FB221CACC7005EEE45 /* 02_MostFrequentUsedWords */ = {
			isa = PBXGroup;
			children = (
				C6D086FC221CACC7005EEE45 /* main.cpp */,
			);
			path = 02_MostFrequentUsedWords;
			sourceTree = "<group>";
		};
		C6D08707221CBD18005EEE45 /* 03_CountMumberOfSubstringsWithExactlyKDistinctCharacters */ = {
			isa = PBXGroup;
			children = (
				C6D08708221CBD18005EEE45 /* main.cpp */,
			);
			path = 03_CountMumberOfSubstringsWithExactlyKDistinctCharacters;
			sourceTree = "<group>";
		};
		C6D08712221CC0B8005EEE45 /* 04_MaximumMinimumPath */ = {
			isa = PBXGroup;
			children = (
				C6D08713221CC0B8005EEE45 /* main.cpp */,
			);
			path = 04_MaximumMinimumPath;
			sourceTree = "<group>";
		};
		C6D0871D221CE167005EEE45 /* 05_SubtreeMaximumAverageNode */ = {
			isa = PBXGroup;
			children = (
				C6D0871E221CE167005EEE45 /* main.cpp */,
			);
			path = 05_SubtreeMaximumAverageNode;
			sourceTree = "<group>";
		};
		C6D08728221CE81C005EEE45 /* 06_KMinimumDistances */ = {
			isa = PBXGroup;
			children = (
				C6D08729221CE81C005EEE45 /* main.cpp */,
			);
			path = 06_KMinimumDistances;
			sourceTree = "<group>";
		};
		C6D08733221CEB86005EEE45 /* 07_KNearestPoints */ = {
			isa = PBXGroup;
			children = (
				C6D08734221CEB86005EEE45 /* main.cpp */,
			);
			path = 07_KNearestPoints;
			sourceTree = "<group>";
		};
		C6D0873E221CF831005EEE45 /* 08_Flight */ = {
			isa = PBXGroup;
			children = (
				C6D0873F221CF831005EEE45 /* main.cpp */,
			);
			path = 08_Flight;
			sourceTree = "<group>";
		};
		C6D08749221CFAF1005EEE45 /* 09_robot */ = {
			isa = PBXGroup;
			children = (
				C6D0874A221CFAF1005EEE45 /* main.cpp */,
			);
			path = 09_robot;
			sourceTree = "<group>";
		};
		C6D08754221D6CBF005EEE45 /* 11_ReorderLogFiles */ = {
			isa = PBXGroup;
			children = (
				C6D08755221D6CBF005EEE45 /* main.cpp */,
			);
			path = 11_ReorderLogFiles;
			sourceTree = "<group>";
		};
		C6D0875F221D6D09005EEE45 /* 14_MST */ = {
			isa = PBXGroup;
			children = (
				C6D08760221D6D09005EEE45 /* main.cpp */,
			);
			path = 14_MST;
			sourceTree = "<group>";
		};
/* End PBXGroup section */

/* Begin PBXNativeTarget section */
		C6D086E0221CABE5005EEE45 /* amazonOA */ = {
			isa = PBXNativeTarget;
			buildConfigurationList = C6D086E8221CABE5005EEE45 /* Build configuration list for PBXNativeTarget "amazonOA" */;
			buildPhases = (
				C6D086DD221CABE5005EEE45 /* Sources */,
				C6D086DE221CABE5005EEE45 /* Frameworks */,
				C6D086DF221CABE5005EEE45 /* CopyFiles */,
			);
			buildRules = (
			);
			dependencies = (
			);
			name = amazonOA;
			productName = amazonOA;
			productReference = C6D086E1221CABE5005EEE45 /* amazonOA */;
			productType = "com.apple.product-type.tool";
		};
		C6D086EE221CAC12005EEE45 /* 01_palindromic */ = {
			isa = PBXNativeTarget;
			buildConfigurationList = C6D086F3221CAC12005EEE45 /* Build configuration list for PBXNativeTarget "01_palindromic" */;
			buildPhases = (
				C6D086EB221CAC12005EEE45 /* Sources */,
				C6D086EC221CAC12005EEE45 /* Frameworks */,
				C6D086ED221CAC12005EEE45 /* CopyFiles */,
			);
			buildRules = (
			);
			dependencies = (
			);
			name = 01_palindromic;
			productName = 01_palindromic;
			productReference = C6D086EF221CAC12005EEE45 /* 01_palindromic */;
			productType = "com.apple.product-type.tool";
		};
		C6D086F9221CACC7005EEE45 /* 02_MostFrequentUsedWords */ = {
			isa = PBXNativeTarget;
			buildConfigurationList = C6D086FE221CACC7005EEE45 /* Build configuration list for PBXNativeTarget "02_MostFrequentUsedWords" */;
			buildPhases = (
				C6D086F6221CACC7005EEE45 /* Sources */,
				C6D086F7221CACC7005EEE45 /* Frameworks */,
				C6D086F8221CACC7005EEE45 /* CopyFiles */,
			);
			buildRules = (
			);
			dependencies = (
			);
			name = 02_MostFrequentUsedWords;
			productName = 02_MostFrequentUsedWords;
			productReference = C6D086FA221CACC7005EEE45 /* 02_MostFrequentUsedWords */;
			productType = "com.apple.product-type.tool";
		};
		C6D08705221CBD18005EEE45 /* 03_CountMumberOfSubstringsWithExactlyKDistinctCharacters */ = {
			isa = PBXNativeTarget;
			buildConfigurationList = C6D0870A221CBD18005EEE45 /* Build configuration list for PBXNativeTarget "03_CountMumberOfSubstringsWithExactlyKDistinctCharacters" */;
			buildPhases = (
				C6D08702221CBD18005EEE45 /* Sources */,
				C6D08703221CBD18005EEE45 /* Frameworks */,
				C6D08704221CBD18005EEE45 /* CopyFiles */,
			);
			buildRules = (
			);
			dependencies = (
			);
			name = 03_CountMumberOfSubstringsWithExactlyKDistinctCharacters;
			productName = 03_CountMumberOfSubstringsWithExactlyKDistinctCharacters;
			productReference = C6D08706221CBD18005EEE45 /* 03_CountMumberOfSubstringsWithExactlyKDistinctCharacters */;
			productType = "com.apple.product-type.tool";
		};
		C6D08710221CC0B8005EEE45 /* 04_MaximumMinimumPath */ = {
			isa = PBXNativeTarget;
			buildConfigurationList = C6D08715221CC0B8005EEE45 /* Build configuration list for PBXNativeTarget "04_MaximumMinimumPath" */;
			buildPhases = (
				C6D0870D221CC0B8005EEE45 /* Sources */,
				C6D0870E221CC0B8005EEE45 /* Frameworks */,
				C6D0870F221CC0B8005EEE45 /* CopyFiles */,
			);
			buildRules = (
			);
			dependencies = (
			);
			name = 04_MaximumMinimumPath;
			productName = 04_MaximumMinimumPath;
			productReference = C6D08711221CC0B8005EEE45 /* 04_MaximumMinimumPath */;
			productType = "com.apple.product-type.tool";
		};
		C6D0871B221CE166005EEE45 /* 05_SubtreeMaximumAverageNode */ = {
			isa = PBXNativeTarget;
			buildConfigurationList = C6D08720221CE167005EEE45 /* Build configuration list for PBXNativeTarget "05_SubtreeMaximumAverageNode" */;
			buildPhases = (
				C6D08718221CE166005EEE45 /* Sources */,
				C6D08719221CE166005EEE45 /* Frameworks */,
				C6D0871A221CE166005EEE45 /* CopyFiles */,
			);
			buildRules = (
			);
			dependencies = (
			);
			name = 05_SubtreeMaximumAverageNode;
			productName = 05_SubtreeMaximumAverageNode;
			productReference = C6D0871C221CE166005EEE45 /* 05_SubtreeMaximumAverageNode */;
			productType = "com.apple.product-type.tool";
		};
		C6D08726221CE81C005EEE45 /* 06_KMinimumDistances */ = {
			isa = PBXNativeTarget;
			buildConfigurationList = C6D0872B221CE81C005EEE45 /* Build configuration list for PBXNativeTarget "06_KMinimumDistances" */;
			buildPhases = (
				C6D08723221CE81C005EEE45 /* Sources */,
				C6D08724221CE81C005EEE45 /* Frameworks */,
				C6D08725221CE81C005EEE45 /* CopyFiles */,
			);
			buildRules = (
			);
			dependencies = (
			);
			name = 06_KMinimumDistances;
			productName = 06_KMinimumDistances;
			productReference = C6D08727221CE81C005EEE45 /* 06_KMinimumDistances */;
			productType = "com.apple.product-type.tool";
		};
		C6D08731221CEB86005EEE45 /* 07_KNearestPoints */ = {
			isa = PBXNativeTarget;
			buildConfigurationList = C6D08736221CEB86005EEE45 /* Build configuration list for PBXNativeTarget "07_KNearestPoints" */;
			buildPhases = (
				C6D0872E221CEB86005EEE45 /* Sources */,
				C6D0872F221CEB86005EEE45 /* Frameworks */,
				C6D08730221CEB86005EEE45 /* CopyFiles */,
			);
			buildRules = (
			);
			dependencies = (
			);
			name = 07_KNearestPoints;
			productName = 07_KNearestPoints;
			productReference = C6D08732221CEB86005EEE45 /* 07_KNearestPoints */;
			productType = "com.apple.product-type.tool";
		};
		C6D0873C221CF831005EEE45 /* 08_Flight */ = {
			isa = PBXNativeTarget;
			buildConfigurationList = C6D08743221CF831005EEE45 /* Build configuration list for PBXNativeTarget "08_Flight" */;
			buildPhases = (
				C6D08739221CF831005EEE45 /* Sources */,
				C6D0873A221CF831005EEE45 /* Frameworks */,
				C6D0873B221CF831005EEE45 /* CopyFiles */,
			);
			buildRules = (
			);
			dependencies = (
			);
			name = 08_Flight;
			productName = 08_Flight;
			productReference = C6D0873D221CF831005EEE45 /* 08_Flight */;
			productType = "com.apple.product-type.tool";
		};
		C6D08747221CFAF1005EEE45 /* 09_robot */ = {
			isa = PBXNativeTarget;
			buildConfigurationList = C6D0874C221CFAF1005EEE45 /* Build configuration list for PBXNativeTarget "09_robot" */;
			buildPhases = (
				C6D08744221CFAF1005EEE45 /* Sources */,
				C6D08745221CFAF1005EEE45 /* Frameworks */,
				C6D08746221CFAF1005EEE45 /* CopyFiles */,
			);
			buildRules = (
			);
			dependencies = (
			);
			name = 09_robot;
			productName = 09_robot;
			productReference = C6D08748221CFAF1005EEE45 /* 09_robot */;
			productType = "com.apple.product-type.tool";
		};
		C6D08752221D6CBF005EEE45 /* 11_ReorderLogFiles */ = {
			isa = PBXNativeTarget;
			buildConfigurationList = C6D08757221D6CBF005EEE45 /* Build configuration list for PBXNativeTarget "11_ReorderLogFiles" */;
			buildPhases = (
				C6D0874F221D6CBF005EEE45 /* Sources */,
				C6D08750221D6CBF005EEE45 /* Frameworks */,
				C6D08751221D6CBF005EEE45 /* CopyFiles */,
			);
			buildRules = (
			);
			dependencies = (
			);
			name = 11_ReorderLogFiles;
			productName = 11_ReorderLogFiles;
			productReference = C6D08753221D6CBF005EEE45 /* 11_ReorderLogFiles */;
			productType = "com.apple.product-type.tool";
		};
		C6D0875D221D6D09005EEE45 /* 14_MST */ = {
			isa = PBXNativeTarget;
			buildConfigurationList = C6D08762221D6D09005EEE45 /* Build configuration list for PBXNativeTarget "14_MST" */;
			buildPhases = (
				C6D0875A221D6D09005EEE45 /* Sources */,
				C6D0875B221D6D09005EEE45 /* Frameworks */,
				C6D0875C221D6D09005EEE45 /* CopyFiles */,
			);
			buildRules = (
			);
			dependencies = (
			);
			name = 14_MST;
			productName = 14_MST;
			productReference = C6D0875E221D6D09005EEE45 /* 14_MST */;
			productType = "com.apple.product-type.tool";
		};
/* End PBXNativeTarget section */

/* Begin PBXProject section */
		C6D086D9221CABE5005EEE45 /* Project object */ = {
			isa = PBXProject;
			attributes = {
				LastUpgradeCheck = 1010;
				ORGANIZATIONNAME = alumi5566;
				TargetAttributes = {
					C6D086E0221CABE5005EEE45 = {
						CreatedOnToolsVersion = 10.1;
					};
					C6D086EE221CAC12005EEE45 = {
						CreatedOnToolsVersion = 10.1;
					};
					C6D086F9221CACC7005EEE45 = {
						CreatedOnToolsVersion = 10.1;
					};
					C6D08705221CBD18005EEE45 = {
						CreatedOnToolsVersion = 10.1;
					};
					C6D08710221CC0B8005EEE45 = {
						CreatedOnToolsVersion = 10.1;
					};
					C6D0871B221CE166005EEE45 = {
						CreatedOnToolsVersion = 10.1;
					};
					C6D08726221CE81C005EEE45 = {
						CreatedOnToolsVersion = 10.1;
					};
					C6D08731221CEB86005EEE45 = {
						CreatedOnToolsVersion = 10.1;
					};
					C6D0873C221CF831005EEE45 = {
						CreatedOnToolsVersion = 10.1;
					};
					C6D08747221CFAF1005EEE45 = {
						CreatedOnToolsVersion = 10.1;
					};
					C6D08752221D6CBF005EEE45 = {
						CreatedOnToolsVersion = 10.1;
					};
					C6D0875D221D6D09005EEE45 = {
						CreatedOnToolsVersion = 10.1;
					};
				};
			};
			buildConfigurationList = C6D086DC221CABE5005EEE45 /* Build configuration list for PBXProject "amazonOA" */;
			compatibilityVersion = "Xcode 9.3";
			developmentRegion = en;
			hasScannedForEncodings = 0;
			knownRegions = (
				en,
			);
			mainGroup = C6D086D8221CABE5005EEE45;
			productRefGroup = C6D086E2221CABE5005EEE45 /* Products */;
			projectDirPath = "";
			projectRoot = "";
			targets = (
				C6D086E0221CABE5005EEE45 /* amazonOA */,
				C6D086EE221CAC12005EEE45 /* 01_palindromic */,
				C6D086F9221CACC7005EEE45 /* 02_MostFrequentUsedWords */,
				C6D08705221CBD18005EEE45 /* 03_CountMumberOfSubstringsWithExactlyKDistinctCharacters */,
				C6D08710221CC0B8005EEE45 /* 04_MaximumMinimumPath */,
				C6D0871B221CE166005EEE45 /* 05_SubtreeMaximumAverageNode */,
				C6D08726221CE81C005EEE45 /* 06_KMinimumDistances */,
				C6D08731221CEB86005EEE45 /* 07_KNearestPoints */,
				C6D0873C221CF831005EEE45 /* 08_Flight */,
				C6D08747221CFAF1005EEE45 /* 09_robot */,
				C6D08752221D6CBF005EEE45 /* 11_ReorderLogFiles */,
				C6D0875D221D6D09005EEE45 /* 14_MST */,
			);
		};
/* End PBXProject section */

/* Begin PBXSourcesBuildPhase section */
		C6D086DD221CABE5005EEE45 /* Sources */ = {
			isa = PBXSourcesBuildPhase;
			buildActionMask = 2147483647;
			files = (
				C6D086E5221CABE5005EEE45 /* main.cpp in Sources */,
			);
			runOnlyForDeploymentPostprocessing = 0;
		};
		C6D086EB221CAC12005EEE45 /* Sources */ = {
			isa = PBXSourcesBuildPhase;
			buildActionMask = 2147483647;
			files = (
				C6D086F2221CAC12005EEE45 /* main.cpp in Sources */,
			);
			runOnlyForDeploymentPostprocessing = 0;
		};
		C6D086F6221CACC7005EEE45 /* Sources */ = {
			isa = PBXSourcesBuildPhase;
			buildActionMask = 2147483647;
			files = (
				C6D086FD221CACC7005EEE45 /* main.cpp in Sources */,
			);
			runOnlyForDeploymentPostprocessing = 0;
		};
		C6D08702221CBD18005EEE45 /* Sources */ = {
			isa = PBXSourcesBuildPhase;
			buildActionMask = 2147483647;
			files = (
				C6D08709221CBD18005EEE45 /* main.cpp in Sources */,
			);
			runOnlyForDeploymentPostprocessing = 0;
		};
		C6D0870D221CC0B8005EEE45 /* Sources */ = {
			isa = PBXSourcesBuildPhase;
			buildActionMask = 2147483647;
			files = (
				C6D08714221CC0B8005EEE45 /* main.cpp in Sources */,
			);
			runOnlyForDeploymentPostprocessing = 0;
		};
		C6D08718221CE166005EEE45 /* Sources */ = {
			isa = PBXSourcesBuildPhase;
			buildActionMask = 2147483647;
			files = (
				C6D0871F221CE167005EEE45 /* main.cpp in Sources */,
			);
			runOnlyForDeploymentPostprocessing = 0;
		};
		C6D08723221CE81C005EEE45 /* Sources */ = {
			isa = PBXSourcesBuildPhase;
			buildActionMask = 2147483647;
			files = (
				C6D0872A221CE81C005EEE45 /* main.cpp in Sources */,
			);
			runOnlyForDeploymentPostprocessing = 0;
		};
		C6D0872E221CEB86005EEE45 /* Sources */ = {
			isa = PBXSourcesBuildPhase;
			buildActionMask = 2147483647;
			files = (
				C6D08735221CEB86005EEE45 /* main.cpp in Sources */,
			);
			runOnlyForDeploymentPostprocessing = 0;
		};
		C6D08739221CF831005EEE45 /* Sources */ = {
			isa = PBXSourcesBuildPhase;
			buildActionMask = 2147483647;
			files = (
				C6D08740221CF831005EEE45 /* main.cpp in Sources */,
			);
			runOnlyForDeploymentPostprocessing = 0;
		};
		C6D08744221CFAF1005EEE45 /* Sources */ = {
			isa = PBXSourcesBuildPhase;
			buildActionMask = 2147483647;
			files = (
				C6D0874B221CFAF1005EEE45 /* main.cpp in Sources */,
			);
			runOnlyForDeploymentPostprocessing = 0;
		};
		C6D0874F221D6CBF005EEE45 /* Sources */ = {
			isa = PBXSourcesBuildPhase;
			buildActionMask = 2147483647;
			files = (
				C6D08756221D6CBF005EEE45 /* main.cpp in Sources */,
			);
			runOnlyForDeploymentPostprocessing = 0;
		};
		C6D0875A221D6D09005EEE45 /* Sources */ = {
			isa = PBXSourcesBuildPhase;
			buildActionMask = 2147483647;
			files = (
				C6D08761221D6D09005EEE45 /* main.cpp in Sources */,
			);
			runOnlyForDeploymentPostprocessing = 0;
		};
/* End PBXSourcesBuildPhase section */

/* Begin XCBuildConfiguration section */
		C6D086E6221CABE5005EEE45 /* Debug */ = {
			isa = XCBuildConfiguration;
			buildSettings = {
				ALWAYS_SEARCH_USER_PATHS = NO;
				CLANG_ANALYZER_NONNULL = YES;
				CLANG_ANALYZER_NUMBER_OBJECT_CONVERSION = YES_AGGRESSIVE;
				CLANG_CXX_LANGUAGE_STANDARD = "gnu++14";
				CLANG_CXX_LIBRARY = "libc++";
				CLANG_ENABLE_MODULES = YES;
				CLANG_ENABLE_OBJC_ARC = YES;
				CLANG_ENABLE_OBJC_WEAK = YES;
				CLANG_WARN_BLOCK_CAPTURE_AUTORELEASING = YES;
				CLANG_WARN_BOOL_CONVERSION = YES;
				CLANG_WARN_COMMA = YES;
				CLANG_WARN_CONSTANT_CONVERSION = YES;
				CLANG_WARN_DEPRECATED_OBJC_IMPLEMENTATIONS = YES;
				CLANG_WARN_DIRECT_OBJC_ISA_USAGE = YES_ERROR;
				CLANG_WARN_DOCUMENTATION_COMMENTS = YES;
				CLANG_WARN_EMPTY_BODY = YES;
				CLANG_WARN_ENUM_CONVERSION = YES;
				CLANG_WARN_INFINITE_RECURSION = YES;
				CLANG_WARN_INT_CONVERSION = YES;
				CLANG_WARN_NON_LITERAL_NULL_CONVERSION = YES;
				CLANG_WARN_OBJC_IMPLICIT_RETAIN_SELF = YES;
				CLANG_WARN_OBJC_LITERAL_CONVERSION = YES;
				CLANG_WARN_OBJC_ROOT_CLASS = YES_ERROR;
				CLANG_WARN_RANGE_LOOP_ANALYSIS = YES;
				CLANG_WARN_STRICT_PROTOTYPES = YES;
				CLANG_WARN_SUSPICIOUS_MOVE = YES;
				CLANG_WARN_UNGUARDED_AVAILABILITY = YES_AGGRESSIVE;
				CLANG_WARN_UNREACHABLE_CODE = YES;
				CLANG_WARN__DUPLICATE_METHOD_MATCH = YES;
				CODE_SIGN_IDENTITY = "-";
				COPY_PHASE_STRIP = NO;
				DEBUG_INFORMATION_FORMAT = dwarf;
				ENABLE_STRICT_OBJC_MSGSEND = YES;
				ENABLE_TESTABILITY = YES;
				GCC_C_LANGUAGE_STANDARD = gnu11;
				GCC_DYNAMIC_NO_PIC = NO;
				GCC_NO_COMMON_BLOCKS = YES;
				GCC_OPTIMIZATION_LEVEL = 0;
				GCC_PREPROCESSOR_DEFINITIONS = (
					"DEBUG=1",
					"$(inherited)",
				);
				GCC_WARN_64_TO_32_BIT_CONVERSION = YES;
				GCC_WARN_ABOUT_RETURN_TYPE = YES_ERROR;
				GCC_WARN_UNDECLARED_SELECTOR = YES;
				GCC_WARN_UNINITIALIZED_AUTOS = YES_AGGRESSIVE;
				GCC_WARN_UNUSED_FUNCTION = YES;
				GCC_WARN_UNUSED_VARIABLE = YES;
				MACOSX_DEPLOYMENT_TARGET = 10.14;
				MTL_ENABLE_DEBUG_INFO = INCLUDE_SOURCE;
				MTL_FAST_MATH = YES;
				ONLY_ACTIVE_ARCH = YES;
				SDKROOT = macosx;
			};
			name = Debug;
		};
		C6D086E7221CABE5005EEE45 /* Release */ = {
			isa = XCBuildConfiguration;
			buildSettings = {
				ALWAYS_SEARCH_USER_PATHS = NO;
				CLANG_ANALYZER_NONNULL = YES;
				CLANG_ANALYZER_NUMBER_OBJECT_CONVERSION = YES_AGGRESSIVE;
				CLANG_CXX_LANGUAGE_STANDARD = "gnu++14";
				CLANG_CXX_LIBRARY = "libc++";
				CLANG_ENABLE_MODULES = YES;
				CLANG_ENABLE_OBJC_ARC = YES;
				CLANG_ENABLE_OBJC_WEAK = YES;
				CLANG_WARN_BLOCK_CAPTURE_AUTORELEASING = YES;
				CLANG_WARN_BOOL_CONVERSION = YES;
				CLANG_WARN_COMMA = YES;
				CLANG_WARN_CONSTANT_CONVERSION = YES;
				CLANG_WARN_DEPRECATED_OBJC_IMPLEMENTATIONS = YES;
				CLANG_WARN_DIRECT_OBJC_ISA_USAGE = YES_ERROR;
				CLANG_WARN_DOCUMENTATION_COMMENTS = YES;
				CLANG_WARN_EMPTY_BODY = YES;
				CLANG_WARN_ENUM_CONVERSION = YES;
				CLANG_WARN_INFINITE_RECURSION = YES;
				CLANG_WARN_INT_CONVERSION = YES;
				CLANG_WARN_NON_LITERAL_NULL_CONVERSION = YES;
				CLANG_WARN_OBJC_IMPLICIT_RETAIN_SELF = YES;
				CLANG_WARN_OBJC_LITERAL_CONVERSION = YES;
				CLANG_WARN_OBJC_ROOT_CLASS = YES_ERROR;
				CLANG_WARN_RANGE_LOOP_ANALYSIS = YES;
				CLANG_WARN_STRICT_PROTOTYPES = YES;
				CLANG_WARN_SUSPICIOUS_MOVE = YES;
				CLANG_WARN_UNGUARDED_AVAILABILITY = YES_AGGRESSIVE;
				CLANG_WARN_UNREACHABLE_CODE = YES;
				CLANG_WARN__DUPLICATE_METHOD_MATCH = YES;
				CODE_SIGN_IDENTITY = "-";
				COPY_PHASE_STRIP = NO;
				DEBUG_INFORMATION_FORMAT = "dwarf-with-dsym";
				ENABLE_NS_ASSERTIONS = NO;
				ENABLE_STRICT_OBJC_MSGSEND = YES;
				GCC_C_LANGUAGE_STANDARD = gnu11;
				GCC_NO_COMMON_BLOCKS = YES;
				GCC_WARN_64_TO_32_BIT_CONVERSION = YES;
				GCC_WARN_ABOUT_RETURN_TYPE = YES_ERROR;
				GCC_WARN_UNDECLARED_SELECTOR = YES;
				GCC_WARN_UNINITIALIZED_AUTOS = YES_AGGRESSIVE;
				GCC_WARN_UNUSED_FUNCTION = YES;
				GCC_WARN_UNUSED_VARIABLE = YES;
				MACOSX_DEPLOYMENT_TARGET = 10.14;
				MTL_ENABLE_DEBUG_INFO = NO;
				MTL_FAST_MATH = YES;
				SDKROOT = macosx;
			};
			name = Release;
		};
		C6D086E9221CABE5005EEE45 /* Debug */ = {
			isa = XCBuildConfiguration;
			buildSettings = {
				CODE_SIGN_STYLE = Automatic;
				PRODUCT_NAME = "$(TARGET_NAME)";
			};
			name = Debug;
		};
		C6D086EA221CABE5005EEE45 /* Release */ = {
			isa = XCBuildConfiguration;
			buildSettings = {
				CODE_SIGN_STYLE = Automatic;
				PRODUCT_NAME = "$(TARGET_NAME)";
			};
			name = Release;
		};
		C6D086F4221CAC12005EEE45 /* Debug */ = {
			isa = XCBuildConfiguration;
			buildSettings = {
				CODE_SIGN_STYLE = Automatic;
				PRODUCT_NAME = "$(TARGET_NAME)";
			};
			name = Debug;
		};
		C6D086F5221CAC12005EEE45 /* Release */ = {
			isa = XCBuildConfiguration;
			buildSettings = {
				CODE_SIGN_STYLE = Automatic;
				PRODUCT_NAME = "$(TARGET_NAME)";
			};
			name = Release;
		};
		C6D086FF221CACC7005EEE45 /* Debug */ = {
			isa = XCBuildConfiguration;
			buildSettings = {
				CODE_SIGN_STYLE = Automatic;
				PRODUCT_NAME = "$(TARGET_NAME)";
			};
			name = Debug;
		};
		C6D08700221CACC7005EEE45 /* Release */ = {
			isa = XCBuildConfiguration;
			buildSettings = {
				CODE_SIGN_STYLE = Automatic;
				PRODUCT_NAME = "$(TARGET_NAME)";
			};
			name = Release;
		};
		C6D0870B221CBD18005EEE45 /* Debug */ = {
			isa = XCBuildConfiguration;
			buildSettings = {
				CODE_SIGN_STYLE = Automatic;
				PRODUCT_NAME = "$(TARGET_NAME)";
			};
			name = Debug;
		};
		C6D0870C221CBD18005EEE45 /* Release */ = {
			isa = XCBuildConfiguration;
			buildSettings = {
				CODE_SIGN_STYLE = Automatic;
				PRODUCT_NAME = "$(TARGET_NAME)";
			};
			name = Release;
		};
		C6D08716221CC0B8005EEE45 /* Debug */ = {
			isa = XCBuildConfiguration;
			buildSettings = {
				CODE_SIGN_STYLE = Automatic;
				PRODUCT_NAME = "$(TARGET_NAME)";
			};
			name = Debug;
		};
		C6D08717221CC0B8005EEE45 /* Release */ = {
			isa = XCBuildConfiguration;
			buildSettings = {
				CODE_SIGN_STYLE = Automatic;
				PRODUCT_NAME = "$(TARGET_NAME)";
			};
			name = Release;
		};
		C6D08721221CE167005EEE45 /* Debug */ = {
			isa = XCBuildConfiguration;
			buildSettings = {
				CODE_SIGN_STYLE = Automatic;
				PRODUCT_NAME = "$(TARGET_NAME)";
			};
			name = Debug;
		};
		C6D08722221CE167005EEE45 /* Release */ = {
			isa = XCBuildConfiguration;
			buildSettings = {
				CODE_SIGN_STYLE = Automatic;
				PRODUCT_NAME = "$(TARGET_NAME)";
			};
			name = Release;
		};
		C6D0872C221CE81C005EEE45 /* Debug */ = {
			isa = XCBuildConfiguration;
			buildSettings = {
				CODE_SIGN_STYLE = Automatic;
				PRODUCT_NAME = "$(TARGET_NAME)";
			};
			name = Debug;
		};
		C6D0872D221CE81C005EEE45 /* Release */ = {
			isa = XCBuildConfiguration;
			buildSettings = {
				CODE_SIGN_STYLE = Automatic;
				PRODUCT_NAME = "$(TARGET_NAME)";
			};
			name = Release;
		};
		C6D08737221CEB86005EEE45 /* Debug */ = {
			isa = XCBuildConfiguration;
			buildSettings = {
				CODE_SIGN_STYLE = Automatic;
				PRODUCT_NAME = "$(TARGET_NAME)";
			};
			name = Debug;
		};
		C6D08738221CEB86005EEE45 /* Release */ = {
			isa = XCBuildConfiguration;
			buildSettings = {
				CODE_SIGN_STYLE = Automatic;
				PRODUCT_NAME = "$(TARGET_NAME)";
			};
			name = Release;
		};
		C6D08741221CF831005EEE45 /* Debug */ = {
			isa = XCBuildConfiguration;
			buildSettings = {
				CODE_SIGN_STYLE = Automatic;
				PRODUCT_NAME = "$(TARGET_NAME)";
			};
			name = Debug;
		};
		C6D08742221CF831005EEE45 /* Release */ = {
			isa = XCBuildConfiguration;
			buildSettings = {
				CODE_SIGN_STYLE = Automatic;
				PRODUCT_NAME = "$(TARGET_NAME)";
			};
			name = Release;
		};
		C6D0874D221CFAF1005EEE45 /* Debug */ = {
			isa = XCBuildConfiguration;
			buildSettings = {
				CODE_SIGN_STYLE = Automatic;
				PRODUCT_NAME = "$(TARGET_NAME)";
			};
			name = Debug;
		};
		C6D0874E221CFAF1005EEE45 /* Release */ = {
			isa = XCBuildConfiguration;
			buildSettings = {
				CODE_SIGN_STYLE = Automatic;
				PRODUCT_NAME = "$(TARGET_NAME)";
			};
			name = Release;
		};
		C6D08758221D6CBF005EEE45 /* Debug */ = {
			isa = XCBuildConfiguration;
			buildSettings = {
				CODE_SIGN_STYLE = Automatic;
				PRODUCT_NAME = "$(TARGET_NAME)";
			};
			name = Debug;
		};
		C6D08759221D6CBF005EEE45 /* Release */ = {
			isa = XCBuildConfiguration;
			buildSettings = {
				CODE_SIGN_STYLE = Automatic;
				PRODUCT_NAME = "$(TARGET_NAME)";
			};
			name = Release;
		};
		C6D08763221D6D09005EEE45 /* Debug */ = {
			isa = XCBuildConfiguration;
			buildSettings = {
				CODE_SIGN_STYLE = Automatic;
				PRODUCT_NAME = "$(TARGET_NAME)";
			};
			name = Debug;
		};
		C6D08764221D6D09005EEE45 /* Release */ = {
			isa = XCBuildConfiguration;
			buildSettings = {
				CODE_SIGN_STYLE = Automatic;
				PRODUCT_NAME = "$(TARGET_NAME)";
			};
			name = Release;
		};
/* End XCBuildConfiguration section */

/* Begin XCConfigurationList section */
		C6D086DC221CABE5005EEE45 /* Build configuration list for PBXProject "amazonOA" */ = {
			isa = XCConfigurationList;
			buildConfigurations = (
				C6D086E6221CABE5005EEE45 /* Debug */,
				C6D086E7221CABE5005EEE45 /* Release */,
			);
			defaultConfigurationIsVisible = 0;
			defaultConfigurationName = Release;
		};
		C6D086E8221CABE5005EEE45 /* Build configuration list for PBXNativeTarget "amazonOA" */ = {
			isa = XCConfigurationList;
			buildConfigurations = (
				C6D086E9221CABE5005EEE45 /* Debug */,
				C6D086EA221CABE5005EEE45 /* Release */,
			);
			defaultConfigurationIsVisible = 0;
			defaultConfigurationName = Release;
		};
		C6D086F3221CAC12005EEE45 /* Build configuration list for PBXNativeTarget "01_palindromic" */ = {
			isa = XCConfigurationList;
			buildConfigurations = (
				C6D086F4221CAC12005EEE45 /* Debug */,
				C6D086F5221CAC12005EEE45 /* Release */,
			);
			defaultConfigurationIsVisible = 0;
			defaultConfigurationName = Release;
		};
		C6D086FE221CACC7005EEE45 /* Build configuration list for PBXNativeTarget "02_MostFrequentUsedWords" */ = {
			isa = XCConfigurationList;
			buildConfigurations = (
				C6D086FF221CACC7005EEE45 /* Debug */,
				C6D08700221CACC7005EEE45 /* Release */,
			);
			defaultConfigurationIsVisible = 0;
			defaultConfigurationName = Release;
		};
		C6D0870A221CBD18005EEE45 /* Build configuration list for PBXNativeTarget "03_CountMumberOfSubstringsWithExactlyKDistinctCharacters" */ = {
			isa = XCConfigurationList;
			buildConfigurations = (
				C6D0870B221CBD18005EEE45 /* Debug */,
				C6D0870C221CBD18005EEE45 /* Release */,
			);
			defaultConfigurationIsVisible = 0;
			defaultConfigurationName = Release;
		};
		C6D08715221CC0B8005EEE45 /* Build configuration list for PBXNativeTarget "04_MaximumMinimumPath" */ = {
			isa = XCConfigurationList;
			buildConfigurations = (
				C6D08716221CC0B8005EEE45 /* Debug */,
				C6D08717221CC0B8005EEE45 /* Release */,
			);
			defaultConfigurationIsVisible = 0;
			defaultConfigurationName = Release;
		};
		C6D08720221CE167005EEE45 /* Build configuration list for PBXNativeTarget "05_SubtreeMaximumAverageNode" */ = {
			isa = XCConfigurationList;
			buildConfigurations = (
				C6D08721221CE167005EEE45 /* Debug */,
				C6D08722221CE167005EEE45 /* Release */,
			);
			defaultConfigurationIsVisible = 0;
			defaultConfigurationName = Release;
		};
		C6D0872B221CE81C005EEE45 /* Build configuration list for PBXNativeTarget "06_KMinimumDistances" */ = {
			isa = XCConfigurationList;
			buildConfigurations = (
				C6D0872C221CE81C005EEE45 /* Debug */,
				C6D0872D221CE81C005EEE45 /* Release */,
			);
			defaultConfigurationIsVisible = 0;
			defaultConfigurationName = Release;
		};
		C6D08736221CEB86005EEE45 /* Build configuration list for PBXNativeTarget "07_KNearestPoints" */ = {
			isa = XCConfigurationList;
			buildConfigurations = (
				C6D08737221CEB86005EEE45 /* Debug */,
				C6D08738221CEB86005EEE45 /* Release */,
			);
			defaultConfigurationIsVisible = 0;
			defaultConfigurationName = Release;
		};
		C6D08743221CF831005EEE45 /* Build configuration list for PBXNativeTarget "08_Flight" */ = {
			isa = XCConfigurationList;
			buildConfigurations = (
				C6D08741221CF831005EEE45 /* Debug */,
				C6D08742221CF831005EEE45 /* Release */,
			);
			defaultConfigurationIsVisible = 0;
			defaultConfigurationName = Release;
		};
		C6D0874C221CFAF1005EEE45 /* Build configuration list for PBXNativeTarget "09_robot" */ = {
			isa = XCConfigurationList;
			buildConfigurations = (
				C6D0874D221CFAF1005EEE45 /* Debug */,
				C6D0874E221CFAF1005EEE45 /* Release */,
			);
			defaultConfigurationIsVisible = 0;
			defaultConfigurationName = Release;
		};
		C6D08757221D6CBF005EEE45 /* Build configuration list for PBXNativeTarget "11_ReorderLogFiles" */ = {
			isa = XCConfigurationList;
			buildConfigurations = (
				C6D08758221D6CBF005EEE45 /* Debug */,
				C6D08759221D6CBF005EEE45 /* Release */,
			);
			defaultConfigurationIsVisible = 0;
			defaultConfigurationName = Release;
		};
		C6D08762221D6D09005EEE45 /* Build configuration list for PBXNativeTarget "14_MST" */ = {
			isa = XCConfigurationList;
			buildConfigurations = (
				C6D08763221D6D09005EEE45 /* Debug */,
				C6D08764221D6D09005EEE45 /* Release */,
			);
			defaultConfigurationIsVisible = 0;
			defaultConfigurationName = Release;
		};
/* End XCConfigurationList section */
	};
	rootObject = C6D086D9221CABE5005EEE45 /* Project object */;
}
